github.com/gibson042/canonicaljson-go v1.0.3 h1:EAyF8L74AWabkyUmrvEFHEt/AGFQeD6RfwbAuf0j1bI=
github.com/gibson042/canonicaljson-go v1.0.3/go.mod h1:DsLpJTThXyGNO+KZlI85C1/KDcImpP67k/RKVjcaEqo=
github.com/google/uuid v1.6.0 h1:NIvaJDMOsjHA8n1jAhLSgzrAzy1Hgr+hNrb57e+94F0=
github.com/google/uuid v1.6.0/go.mod h1:TIyPZe4MgqvfeYDBFedMoGGpEw/LqOeaOT+nhxU+yHo=
github.com/lib/pq v1.10.9 h1:YXG7RB+JIjhP29X+OtkiDnYaXQwpS4JEWq7dtCCRUEw=
github.com/lib/pq v1.10.9/go.mod h1:AlVN5x4E4T544tWzH6hKfbfQvm3HdbOxrmggDNAPY9o=
